dependencies:
- name: loki
  repository: https://grafana.github.io/helm-charts
  version: 2.16.0
- name: promtail
  repository: https://grafana.github.io/helm-charts
  version: 6.11.3
- name: fluent-bit
  repository: https://grafana.github.io/helm-charts
  version: 2.5.0
- name: grafana
  repository: https://grafana.github.io/helm-charts
  version: 6.43.5
- name: prometheus
  repository: https://prometheus-community.github.io/helm-charts
  version: 15.5.4
- name: filebeat
  repository: https://helm.elastic.co
  version: 7.17.3
- name: logstash
  repository: https://helm.elastic.co
  version: 7.17.3
digest: sha256:781b769282566f5352156ac9d81f14858a16ff7b22373849197539b8b1d2cdfa
generated: "2023-06-14T16:37:22.055905+05:30"
