dependencies:
- name: kube-state-metrics
  repository: https://prometheus-community.github.io/helm-charts
  version: 5.7.0
- name: prometheus-node-exporter
  repository: https://prometheus-community.github.io/helm-charts
  version: 4.17.5
- name: grafana
  repository: https://grafana.github.io/helm-charts
  version: 6.57.2
digest: sha256:a0456b0c3aae6fdff7861a5518a5a8f852da9ff45aee23fc8faa197dfccc6cf0
generated: "2023-06-13T13:18:52.344854+05:30"
